version = 1
requires-python = "==3.9.*"

[[package]]
name = "blis"
version = "0.7.11"
source = { registry = "https://pypi.org/simple" }
dependencies = [
    { name = "numpy" },
]
sdist = { url = "https://files.pythonhosted.org/packages/51/8c/60c85350f2e1c9647df580083a0f6acc686ef32d1a91f4ab0c624b3ff867/blis-0.7.11.tar.gz", hash = "sha256:cec6d48f75f7ac328ae1b6fbb372dde8c8a57c89559172277f66e01ff08d4d42", size = 2897107 }
wheels = [
    { url = "https://files.pythonhosted.org/packages/a5/95/25d8d197204624f2ea5f529c87446b16bf625d1377789af56d35648d0705/blis-0.7.11-cp39-cp39-macosx_10_9_x86_64.whl", hash = "sha256:2ff7abd784033836b284ff9f4d0d7cb0737b7684daebb01a4c9fe145ffa5a31e", size = 6127608 },
    { url = "https://files.pythonhosted.org/packages/b0/08/e3e77a51a458184996ac598ae3eef42dac61363e009125555ce659da5103/blis-0.7.11-cp39-cp39-macosx_11_0_arm64.whl", hash = "sha256:f9caffcd14795bfe52add95a0dd8426d44e737b55fcb69e2b797816f4da0b1d2", size = 1109493 },
    { url = "https://files.pythonhosted.org/packages/c2/66/fd4a750cb01f5d62227f526e1803e2c2046cd627594023c850b160a6c9ac/blis-0.7.11-cp39-cp39-manylinux_2_17_aarch64.manylinux2014_aarch64.whl", hash = "sha256:2fb36989ed61233cfd48915896802ee6d3d87882190000f8cfe0cf4a3819f9a8", size = 1711586 },
    { url = "https://files.pythonhosted.org/packages/00/45/9d371e2047ecefc423dcf22b6b351e9fbf34f6e82e7827b8567e880fbafe/blis-0.7.11-cp39-cp39-manylinux_2_17_x86_64.manylinux2014_x86_64.whl", hash = "sha256:7ea09f961871f880d5dc622dce6c370e4859559f0ead897ae9b20ddafd6b07a2", size = 10172486 },
    { url = "https://files.pythonhosted.org/packages/b6/fd/d2dcd4a3334ac69e91bc0e90ac522f78f5973919d25cf1f757a6517a11f2/blis-0.7.11-cp39-cp39-win_amd64.whl", hash = "sha256:5bb38adabbb22f69f22c74bad025a010ae3b14de711bf5c715353980869d491d", size = 6624422 },
]

[[package]]
name = "catalogue"
version = "2.0.10"
source = { registry = "https://pypi.org/simple" }
sdist = { url = "https://files.pythonhosted.org/packages/38/b4/244d58127e1cdf04cf2dc7d9566f0d24ef01d5ce21811bab088ecc62b5ea/catalogue-2.0.10.tar.gz", hash = "sha256:4f56daa940913d3f09d589c191c74e5a6d51762b3a9e37dd53b7437afd6cda15", size = 19561 }
wheels = [
    { url = "https://files.pythonhosted.org/packages/9e/96/d32b941a501ab566a16358d68b6eb4e4acc373fab3c3c4d7d9e649f7b4bb/catalogue-2.0.10-py3-none-any.whl", hash = "sha256:58c2de0020aa90f4a2da7dfad161bf7b3b054c86a5f09fcedc0b2b740c109a9f", size = 17325 },
]

[[package]]
name = "certifi"
version = "2025.1.31"
source = { registry = "https://pypi.org/simple" }
sdist = { url = "https://files.pythonhosted.org/packages/1c/ab/c9f1e32b7b1bf505bf26f0ef697775960db7932abeb7b516de930ba2705f/certifi-2025.1.31.tar.gz", hash = "sha256:3d5da6925056f6f18f119200434a4780a94263f10d1c21d032a6f6b2baa20651", size = 167577 }
wheels = [
    { url = "https://files.pythonhosted.org/packages/38/fc/bce832fd4fd99766c04d1ee0eead6b0ec6486fb100ae5e74c1d91292b982/certifi-2025.1.31-py3-none-any.whl", hash = "sha256:ca78db4565a652026a4db2bcdf68f2fb589ea80d0be70e03929ed730746b84fe", size = 166393 },
]

[[package]]
name = "charset-normalizer"
version = "3.4.1"
source = { registry = "https://pypi.org/simple" }
sdist = { url = "https://files.pythonhosted.org/packages/16/b0/572805e227f01586461c80e0fd25d65a2115599cc9dad142fee4b747c357/charset_normalizer-3.4.1.tar.gz", hash = "sha256:44251f18cd68a75b56585dd00dae26183e102cd5e0f9f1466e6df5da2ed64ea3", size = 123188 }
wheels = [
    { url = "https://files.pythonhosted.org/packages/7f/c0/b913f8f02836ed9ab32ea643c6fe4d3325c3d8627cf6e78098671cafff86/charset_normalizer-3.4.1-cp39-cp39-macosx_10_9_universal2.whl", hash = "sha256:b97e690a2118911e39b4042088092771b4ae3fc3aa86518f84b8cf6888dbdb41", size = 197867 },
    { url = "https://files.pythonhosted.org/packages/0f/6c/2bee440303d705b6fb1e2ec789543edec83d32d258299b16eed28aad48e0/charset_normalizer-3.4.1-cp39-cp39-manylinux_2_17_aarch64.manylinux2014_aarch64.whl", hash = "sha256:78baa6d91634dfb69ec52a463534bc0df05dbd546209b79a3880a34487f4b84f", size = 141385 },
    { url = "https://files.pythonhosted.org/packages/3d/04/cb42585f07f6f9fd3219ffb6f37d5a39b4fd2db2355b23683060029c35f7/charset_normalizer-3.4.1-cp39-cp39-manylinux_2_17_ppc64le.manylinux2014_ppc64le.whl", hash = "sha256:1a2bc9f351a75ef49d664206d51f8e5ede9da246602dc2d2726837620ea034b2", size = 151367 },
    { url = "https://files.pythonhosted.org/packages/54/54/2412a5b093acb17f0222de007cc129ec0e0df198b5ad2ce5699355269dfe/charset_normalizer-3.4.1-cp39-cp39-manylinux_2_17_s390x.manylinux2014_s390x.whl", hash = "sha256:75832c08354f595c760a804588b9357d34ec00ba1c940c15e31e96d902093770", size = 143928 },
    { url = "https://files.pythonhosted.org/packages/5a/6d/e2773862b043dcf8a221342954f375392bb2ce6487bcd9f2c1b34e1d6781/charset_normalizer-3.4.1-cp39-cp39-manylinux_2_17_x86_64.manylinux2014_x86_64.whl", hash = "sha256:0af291f4fe114be0280cdd29d533696a77b5b49cfde5467176ecab32353395c4", size = 146203 },
    { url = "https://files.pythonhosted.org/packages/b9/f8/ca440ef60d8f8916022859885f231abb07ada3c347c03d63f283bec32ef5/charset_normalizer-3.4.1-cp39-cp39-manylinux_2_5_i686.manylinux1_i686.manylinux_2_17_i686.manylinux2014_i686.whl", hash = "sha256:0167ddc8ab6508fe81860a57dd472b2ef4060e8d378f0cc555707126830f2537", size = 148082 },
    { url = "https://files.pythonhosted.org/packages/04/d2/42fd330901aaa4b805a1097856c2edf5095e260a597f65def493f4b8c833/charset_normalizer-3.4.1-cp39-cp39-musllinux_1_2_aarch64.whl", hash = "sha256:2a75d49014d118e4198bcee5ee0a6f25856b29b12dbf7cd012791f8a6cc5c496", size = 142053 },
    { url = "https://files.pythonhosted.org/packages/9e/af/3a97a4fa3c53586f1910dadfc916e9c4f35eeada36de4108f5096cb7215f/charset_normalizer-3.4.1-cp39-cp39-musllinux_1_2_i686.whl", hash = "sha256:363e2f92b0f0174b2f8238240a1a30142e3db7b957a5dd5689b0e75fb717cc78", size = 150625 },
    { url = "https://files.pythonhosted.org/packages/26/ae/23d6041322a3556e4da139663d02fb1b3c59a23ab2e2b56432bd2ad63ded/charset_normalizer-3.4.1-cp39-cp39-musllinux_1_2_ppc64le.whl", hash = "sha256:ab36c8eb7e454e34e60eb55ca5d241a5d18b2c6244f6827a30e451c42410b5f7", size = 153549 },
    { url = "https://files.pythonhosted.org/packages/94/22/b8f2081c6a77cb20d97e57e0b385b481887aa08019d2459dc2858ed64871/charset_normalizer-3.4.1-cp39-cp39-musllinux_1_2_s390x.whl", hash = "sha256:4c0907b1928a36d5a998d72d64d8eaa7244989f7aaaf947500d3a800c83a3fd6", size = 150945 },
    { url = "https://files.pythonhosted.org/packages/c7/0b/c5ec5092747f801b8b093cdf5610e732b809d6cb11f4c51e35fc28d1d389/charset_normalizer-3.4.1-cp39-cp39-musllinux_1_2_x86_64.whl", hash = "sha256:04432ad9479fa40ec0f387795ddad4437a2b50417c69fa275e212933519ff294", size = 146595 },
    { url = "https://files.pythonhosted.org/packages/0c/5a/0b59704c38470df6768aa154cc87b1ac7c9bb687990a1559dc8765e8627e/charset_normalizer-3.4.1-cp39-cp39-win32.whl", hash = "sha256:3bed14e9c89dcb10e8f3a29f9ccac4955aebe93c71ae803af79265c9ca5644c5", size = 95453 },
    { url = "https://files.pythonhosted.org/packages/85/2d/a9790237cb4d01a6d57afadc8573c8b73c609ade20b80f4cda30802009ee/charset_normalizer-3.4.1-cp39-cp39-win_amd64.whl", hash = "sha256:49402233c892a461407c512a19435d1ce275543138294f7ef013f0b63d5d3765", size = 102811 },
    { url = "https://files.pythonhosted.org/packages/0e/f6/65ecc6878a89bb1c23a086ea335ad4bf21a588990c3f535a227b9eea9108/charset_normalizer-3.4.1-py3-none-any.whl", hash = "sha256:d98b1668f06378c6dbefec3b92299716b931cd4e6061f3c875a71ced1780ab85", size = 49767 },
]

[[package]]
name = "click"
version = "8.1.8"
source = { registry = "https://pypi.org/simple" }
dependencies = [
    { name = "colorama", marker = "platform_system == 'Windows'" },
]
sdist = { url = "https://files.pythonhosted.org/packages/b9/2e/0090cbf739cee7d23781ad4b89a9894a41538e4fcf4c31dcdd705b78eb8b/click-8.1.8.tar.gz", hash = "sha256:ed53c9d8990d83c2a27deae68e4ee337473f6330c040a31d4225c9574d16096a", size = 226593 }
wheels = [
    { url = "https://files.pythonhosted.org/packages/7e/d4/7ebdbd03970677812aac39c869717059dbb71a4cfc033ca6e5221787892c/click-8.1.8-py3-none-any.whl", hash = "sha256:63c132bbbed01578a06712a2d1f497bb62d9c1c0d329b7903a866228027263b2", size = 98188 },
]

[[package]]
name = "colorama"
version = "0.4.6"
source = { registry = "https://pypi.org/simple" }
sdist = { url = "https://files.pythonhosted.org/packages/d8/53/6f443c9a4a8358a93a6792e2acffb9d9d5cb0a5cfd8802644b7b1c9a02e4/colorama-0.4.6.tar.gz", hash = "sha256:08695f5cb7ed6e0531a20572697297273c47b8cae5a63ffc6d6ed5c201be6e44", size = 27697 }
wheels = [
    { url = "https://files.pythonhosted.org/packages/d1/d6/3965ed04c63042e047cb6a3e6ed1a63a35087b6a609aa3a15ed8ac56c221/colorama-0.4.6-py2.py3-none-any.whl", hash = "sha256:4f1d9991f5acc0ca119f9d443620b77f9d6b33703e51011c16baf57afb285fc6", size = 25335 },
]

[[package]]
name = "confection"
version = "0.1.5"
source = { registry = "https://pypi.org/simple" }
dependencies = [
    { name = "pydantic" },
    { name = "srsly" },
]
sdist = { url = "https://files.pythonhosted.org/packages/51/d3/57c6631159a1b48d273b40865c315cf51f89df7a9d1101094ef12e3a37c2/confection-0.1.5.tar.gz", hash = "sha256:8e72dd3ca6bd4f48913cd220f10b8275978e740411654b6e8ca6d7008c590f0e", size = 38924 }
wheels = [
    { url = "https://files.pythonhosted.org/packages/0c/00/3106b1854b45bd0474ced037dfe6b73b90fe68a68968cef47c23de3d43d2/confection-0.1.5-py3-none-any.whl", hash = "sha256:e29d3c3f8eac06b3f77eb9dfb4bf2fc6bcc9622a98ca00a698e3d019c6430b14", size = 35451 },
]

[[package]]
name = "cymem"
version = "2.0.11"
source = { registry = "https://pypi.org/simple" }
sdist = { url = "https://files.pythonhosted.org/packages/f2/4a/1acd761fb6ac4c560e823ce40536a62f886f2d59b2763b5c3fc7e9d92101/cymem-2.0.11.tar.gz", hash = "sha256:efe49a349d4a518be6b6c6b255d4a80f740a341544bde1a807707c058b88d0bd", size = 10346 }
wheels = [
    { url = "https://files.pythonhosted.org/packages/f1/13/b51db4b79e4e50bdb2f230d69ba26af0f6da3c522c4a2b334cdf538ba939/cymem-2.0.11-cp39-cp39-macosx_10_9_x86_64.whl", hash = "sha256:1450498623d9f176d48578779c4e9d133c7f252f73c5a93b762f35d059a09398", size = 42479 },
    { url = "https://files.pythonhosted.org/packages/12/35/d176ca37dfc746cf5125d3fe682fd0949b23dde78b23e13e010b1bcffdf1/cymem-2.0.11-cp39-cp39-macosx_11_0_arm64.whl", hash = "sha256:0a407fd8766e1f666c48cb232f760267cecf0acb04cc717d8ec4de6adc6ab8e0", size = 42230 },
    { url = "https://files.pythonhosted.org/packages/59/f4/906e3c7c48d2a5c15b008e9fac33732435860634642bbefb18815868faf8/cymem-2.0.11-cp39-cp39-manylinux_2_17_aarch64.manylinux2014_aarch64.whl", hash = "sha256:6347aed08442679a57bcce5ad1e338f6b717e46654549c5d65c798552d910591", size = 206680 },
    { url = "https://files.pythonhosted.org/packages/20/91/ca365ed2c4da383a1b4fd698960b9ab72f6fd1b61f7bfcebda4150224327/cymem-2.0.11-cp39-cp39-manylinux_2_17_x86_64.manylinux2014_x86_64.whl", hash = "sha256:9d8f11149b1a154de0e93f5eda0a13ad9948a739b58a2aace996ca41bbb6d0f5", size = 208224 },
    { url = "https://files.pythonhosted.org/packages/a9/a0/4d664bec2eadf5d27a121d54a62bf4ef5805a5eedf1005afc2788edfcc72/cymem-2.0.11-cp39-cp39-musllinux_1_2_aarch64.whl", hash = "sha256:7a2b4d1a9b1674d6ac0e4c5136b70b805535dc8d1060aa7c4ded3e52fb74e615", size = 198436 },
    { url = "https://files.pythonhosted.org/packages/87/7f/e48a20534b121fb84c526743f8cae878a4f0c097b48af6b7c027f1dda944/cymem-2.0.11-cp39-cp39-musllinux_1_2_x86_64.whl", hash = "sha256:dec13c1a84612815365939f59e128a0031cae5f6b5a86e4b8fd7c4efa3fad262", size = 199766 },
    { url = "https://files.pythonhosted.org/packages/11/f6/16044e000072ae452e006930ca8eb7d21bad1b45d1a5978f82944482a9c8/cymem-2.0.11-cp39-cp39-win_amd64.whl", hash = "sha256:332ea5bc1c13c9a186532a06846881288eb846425898b70f047a0820714097bf", size = 39590 },
]

[[package]]
name = "idna"
version = "3.10"
source = { registry = "https://pypi.org/simple" }
sdist = { url = "https://files.pythonhosted.org/packages/f1/70/7703c29685631f5a7590aa73f1f1d3fa9a380e654b86af429e0934a32f7d/idna-3.10.tar.gz", hash = "sha256:12f65c9b470abda6dc35cf8e63cc574b1c52b11df2c86030af0ac09b01b13ea9", size = 190490 }
wheels = [
    { url = "https://files.pythonhosted.org/packages/76/c6/c88e154df9c4e1a2a66ccf0005a88dfb2650c1dffb6f5ce603dfbd452ce3/idna-3.10-py3-none-any.whl", hash = "sha256:946d195a0d259cbba61165e88e65941f16e9b36ea6ddb97f00452bae8b1287d3", size = 70442 },
]

[[package]]
name = "jinja2"
version = "3.1.6"
source = { registry = "https://pypi.org/simple" }
dependencies = [
    { name = "markupsafe" },
]
sdist = { url = "https://files.pythonhosted.org/packages/df/bf/f7da0350254c0ed7c72f3e33cef02e048281fec7ecec5f032d4aac52226b/jinja2-3.1.6.tar.gz", hash = "sha256:0137fb05990d35f1275a587e9aee6d56da821fc83491a0fb838183be43f66d6d", size = 245115 }
wheels = [
    { url = "https://files.pythonhosted.org/packages/62/a1/3d680cbfd5f4b8f15abc1d571870c5fc3e594bb582bc3b64ea099db13e56/jinja2-3.1.6-py3-none-any.whl", hash = "sha256:85ece4451f492d0c13c5dd7c13a64681a86afae63a5f347908daf103ce6d2f67", size = 134899 },
]

[[package]]
name = "langcodes"
version = "3.5.0"
source = { registry = "https://pypi.org/simple" }
dependencies = [
    { name = "language-data" },
]
sdist = { url = "https://files.pythonhosted.org/packages/3a/7a/5a97e327063409a5caa21541e6d08ae4a0f2da328447e9f2c7b39e179226/langcodes-3.5.0.tar.gz", hash = "sha256:1eef8168d07e51e131a2497ffecad4b663f6208e7c3ae3b8dc15c51734a6f801", size = 191030 }
wheels = [
    { url = "https://files.pythonhosted.org/packages/c3/6b/068c2ea7a712bf805c62445bd9e9c06d7340358ef2824150eceac027444b/langcodes-3.5.0-py3-none-any.whl", hash = "sha256:853c69d1a35e0e13da2f427bb68fb2fa4a8f4fb899e0c62ad8df8d073dcfed33", size = 182974 },
]

[[package]]
name = "language-data"
version = "1.3.0"
source = { registry = "https://pypi.org/simple" }
dependencies = [
    { name = "marisa-trie" },
]
sdist = { url = "https://files.pythonhosted.org/packages/dd/ce/3f144716a9f2cbf42aa86ebc8b085a184be25c80aa453eea17c294d239c1/language_data-1.3.0.tar.gz", hash = "sha256:7600ef8aa39555145d06c89f0c324bf7dab834ea0b0a439d8243762e3ebad7ec", size = 5129310 }
wheels = [
    { url = "https://files.pythonhosted.org/packages/5d/e9/5a5ffd9b286db82be70d677d0a91e4d58f7912bb8dd026ddeeb4abe70679/language_data-1.3.0-py3-none-any.whl", hash = "sha256:e2ee943551b5ae5f89cd0e801d1fc3835bb0ef5b7e9c3a4e8e17b2b214548fbf", size = 5385760 },
]

[[package]]
name = "marisa-trie"
version = "1.2.1"
source = { registry = "https://pypi.org/simple" }
dependencies = [
    { name = "setuptools" },
]
sdist = { url = "https://files.pythonhosted.org/packages/31/15/9d9743897e4450b2de199ee673b50cb018980c4ced477d41cf91304a85e3/marisa_trie-1.2.1.tar.gz", hash = "sha256:3a27c408e2aefc03e0f1d25b2ff2afb85aac3568f6fa2ae2a53b57a2e87ce29d", size = 416124 }
wheels = [
    { url = "https://files.pythonhosted.org/packages/13/f5/00a62364e970c6ebdfbc24b3ded362b27b57ba8bc67109b828f64156f8e9/marisa_trie-1.2.1-cp39-cp39-macosx_10_9_universal2.whl", hash = "sha256:c0fe2ace0cb1806badbd1c551a8ec2f8d4cf97bf044313c082ef1acfe631ddca", size = 363043 },
    { url = "https://files.pythonhosted.org/packages/a3/89/f9794a0e0e9f888ba1f18830337d6b50ed93f652157112ea12ab9035071c/marisa_trie-1.2.1-cp39-cp39-macosx_10_9_x86_64.whl", hash = "sha256:67f0c2ec82c20a02c16fc9ba81dee2586ef20270127c470cb1054767aa8ba310", size = 192769 },
    { url = "https://files.pythonhosted.org/packages/0d/3d/1981088acb417aa22d08ccff6bc8a2040f5dcd72b316004cf03857158996/marisa_trie-1.2.1-cp39-cp39-macosx_11_0_arm64.whl", hash = "sha256:a3c98613180cf1730e221933ff74b454008161b1a82597e41054127719964188", size = 175138 },
    { url = "https://files.pythonhosted.org/packages/2a/6d/bcad5529d4b5050cba3d1dca0147a907d140be15fc1be5dbea94521b8a38/marisa_trie-1.2.1-cp39-cp39-manylinux_2_17_aarch64.manylinux2014_aarch64.whl", hash = "sha256:429858a0452a7bedcf67bc7bb34383d00f666c980cb75a31bcd31285fbdd4403", size = 1317106 },
    { url = "https://files.pythonhosted.org/packages/09/66/d66b1300e5ea11ffa972659da71affd23f581c8a3861647248af0150303a/marisa_trie-1.2.1-cp39-cp39-manylinux_2_17_x86_64.manylinux2014_x86_64.whl", hash = "sha256:b2eacb84446543082ec50f2fb563f1a94c96804d4057b7da8ed815958d0cdfbe", size = 1345392 },
    { url = "https://files.pythonhosted.org/packages/5c/91/777a6b2f620fe41816869dad2d5bf4a8e8a34215158a8e38da2db301db18/marisa_trie-1.2.1-cp39-cp39-manylinux_2_5_i686.manylinux1_i686.manylinux_2_17_i686.manylinux2014_i686.whl", hash = "sha256:852d7bcf14b0c63404de26e7c4c8d5d65ecaeca935e93794331bc4e2f213660b", size = 1305127 },
    { url = "https://files.pythonhosted.org/packages/26/89/6f715d6a52f04a93b40369d1846dbb8425776f1ed34765dcf9655d8bb5f9/marisa_trie-1.2.1-cp39-cp39-musllinux_1_2_aarch64.whl", hash = "sha256:e58788004adda24c401d1751331618ed20c507ffc23bfd28d7c0661a1cf0ad16", size = 2195490 },
    { url = "https://files.pythonhosted.org/packages/9d/f1/9a8eb122e0122445ce959af4a5e24e50877984348c3bdceebcba9783c4be/marisa_trie-1.2.1-cp39-cp39-musllinux_1_2_i686.whl", hash = "sha256:aefe0973cc4698e0907289dc0517ab0c7cdb13d588201932ff567d08a50b0e2e", size = 2356807 },
    { url = "https://files.pythonhosted.org/packages/a6/60/50a5c2b8dc4ef9c33b9a13d8ca5eb6c0c39111507c955a25869d846126d5/marisa_trie-1.2.1-cp39-cp39-musllinux_1_2_x86_64.whl", hash = "sha256:6c50c861faad0a5c091bd763e0729f958c316e678dfa065d3984fbb9e4eacbcd", size = 2289526 },
    { url = "https://files.pythonhosted.org/packages/57/71/cee2540c7d77359cad8a1cb28b7063798eb8648fefb25fc3f06d4028e27b/marisa_trie-1.2.1-cp39-cp39-win32.whl", hash = "sha256:b1ce340da608530500ab4f963f12d6bfc8d8680900919a60dbdc9b78c02060a4", size = 130793 },
    { url = "https://files.pythonhosted.org/packages/fb/3d/4eaad05fcbfd6a3357e2e2504becaa9c1720beeb75dc86753a301098efd9/marisa_trie-1.2.1-cp39-cp39-win_amd64.whl", hash = "sha256:ce37d8ca462bb64cc13f529b9ed92f7b21fe8d1f1679b62e29f9cb7d0e888b49", size = 152103 },
]

[[package]]
name = "markupsafe"
version = "3.0.2"
source = { registry = "https://pypi.org/simple" }
sdist = { url = "https://files.pythonhosted.org/packages/b2/97/5d42485e71dfc078108a86d6de8fa46db44a1a9295e89c5d6d4a06e23a62/markupsafe-3.0.2.tar.gz", hash = "sha256:ee55d3edf80167e48ea11a923c7386f4669df67d7994554387f84e7d8b0a2bf0", size = 20537 }
wheels = [
    { url = "https://files.pythonhosted.org/packages/a7/ea/9b1530c3fdeeca613faeb0fb5cbcf2389d816072fab72a71b45749ef6062/MarkupSafe-3.0.2-cp39-cp39-macosx_10_9_universal2.whl", hash = "sha256:eaa0a10b7f72326f1372a713e73c3f739b524b3af41feb43e4921cb529f5929a", size = 14344 },
    { url = "https://files.pythonhosted.org/packages/4b/c2/fbdbfe48848e7112ab05e627e718e854d20192b674952d9042ebd8c9e5de/MarkupSafe-3.0.2-cp39-cp39-macosx_11_0_arm64.whl", hash = "sha256:48032821bbdf20f5799ff537c7ac3d1fba0ba032cfc06194faffa8cda8b560ff", size = 12389 },
    { url = "https://files.pythonhosted.org/packages/f0/25/7a7c6e4dbd4f867d95d94ca15449e91e52856f6ed1905d58ef1de5e211d0/MarkupSafe-3.0.2-cp39-cp39-manylinux_2_17_aarch64.manylinux2014_aarch64.whl", hash = "sha256:1a9d3f5f0901fdec14d8d2f66ef7d035f2157240a433441719ac9a3fba440b13", size = 21607 },
    { url = "https://files.pythonhosted.org/packages/53/8f/f339c98a178f3c1e545622206b40986a4c3307fe39f70ccd3d9df9a9e425/MarkupSafe-3.0.2-cp39-cp39-manylinux_2_17_x86_64.manylinux2014_x86_64.whl", hash = "sha256:88b49a3b9ff31e19998750c38e030fc7bb937398b1f78cfa599aaef92d693144", size = 20728 },
    { url = "https://files.pythonhosted.org/packages/1a/03/8496a1a78308456dbd50b23a385c69b41f2e9661c67ea1329849a598a8f9/MarkupSafe-3.0.2-cp39-cp39-manylinux_2_5_i686.manylinux1_i686.manylinux_2_17_i686.manylinux2014_i686.whl", hash = "sha256:cfad01eed2c2e0c01fd0ecd2ef42c492f7f93902e39a42fc9ee1692961443a29", size = 20826 },
    { url = "https://files.pythonhosted.org/packages/e6/cf/0a490a4bd363048c3022f2f475c8c05582179bb179defcee4766fb3dcc18/MarkupSafe-3.0.2-cp39-cp39-musllinux_1_2_aarch64.whl", hash = "sha256:1225beacc926f536dc82e45f8a4d68502949dc67eea90eab715dea3a21c1b5f0", size = 21843 },
    { url = "https://files.pythonhosted.org/packages/19/a3/34187a78613920dfd3cdf68ef6ce5e99c4f3417f035694074beb8848cd77/MarkupSafe-3.0.2-cp39-cp39-musllinux_1_2_i686.whl", hash = "sha256:3169b1eefae027567d1ce6ee7cae382c57fe26e82775f460f0b2778beaad66c0", size = 21219 },
    { url = "https://files.pythonhosted.org/packages/17/d8/5811082f85bb88410ad7e452263af048d685669bbbfb7b595e8689152498/MarkupSafe-3.0.2-cp39-cp39-musllinux_1_2_x86_64.whl", hash = "sha256:eb7972a85c54febfb25b5c4b4f3af4dcc731994c7da0d8a0b4a6eb0640e1d178", size = 20946 },
    { url = "https://files.pythonhosted.org/packages/7c/31/bd635fb5989440d9365c5e3c47556cfea121c7803f5034ac843e8f37c2f2/MarkupSafe-3.0.2-cp39-cp39-win32.whl", hash = "sha256:8c4e8c3ce11e1f92f6536ff07154f9d49677ebaaafc32db9db4620bc11ed480f", size = 15063 },
    { url = "https://files.pythonhosted.org/packages/b3/73/085399401383ce949f727afec55ec3abd76648d04b9f22e1c0e99cb4bec3/MarkupSafe-3.0.2-cp39-cp39-win_amd64.whl", hash = "sha256:6e296a513ca3d94054c2c881cc913116e90fd030ad1c656b3869762b754f5f8a", size = 15506 },
]

[[package]]
name = "murmurhash"
version = "1.0.12"
source = { registry = "https://pypi.org/simple" }
sdist = { url = "https://files.pythonhosted.org/packages/64/d9/e7c6a7d4e9b5320c17e54af6f9edd2f521c6f86bbbb72aba571f641a9793/murmurhash-1.0.12.tar.gz", hash = "sha256:467b7ee31c1f79f46d00436a1957fc52a0e5801369dd2f30eb7655f380735b5f", size = 13233 }
wheels = [
    { url = "https://files.pythonhosted.org/packages/8a/1d/4abc869cb939888dee758529094f708b95eb96d1d8b823b09753de451366/murmurhash-1.0.12-cp39-cp39-macosx_10_9_x86_64.whl", hash = "sha256:c9bb5652a3444d5a5bf5d164e6b5e6c8f5715d031627ff79d58caac0e510e8d8", size = 26853 },
    { url = "https://files.pythonhosted.org/packages/e5/1f/5822bd821b418340a368b82b54b5eca71c25c42c244881db00e4a79b641e/murmurhash-1.0.12-cp39-cp39-macosx_11_0_arm64.whl", hash = "sha256:ef56fdee81e2b4191c5b7416b5428cb920260a91f028a82a1680b14137eaf32c", size = 26976 },
    { url = "https://files.pythonhosted.org/packages/9f/f4/b3bc4319227654efc973ba5283f3685a3885f0c6bc25a6980ee4909dbace/murmurhash-1.0.12-cp39-cp39-manylinux_2_17_aarch64.manylinux2014_aarch64.whl", hash = "sha256:91042b85d3214ebaba505d7349f0bcd745b07e7163459909d622ea10a04c2dea", size = 126124 },
    { url = "https://files.pythonhosted.org/packages/53/64/ed2a4c2ccce4f6fc81618bbdef07493a4c96585d4655806d2f5ab07cd861/murmurhash-1.0.12-cp39-cp39-manylinux_2_5_x86_64.manylinux1_x86_64.manylinux_2_17_x86_64.manylinux2014_x86_64.whl", hash = "sha256:7de1552326f4f8c0b63d26f823fa66a4dcf9c01164e252374d84bcf86a6af2fe", size = 124094 },
    { url = "https://files.pythonhosted.org/packages/61/e5/eecb6dac784b62f7baf3b63dba42f49a8c1bd075735832e5203a2e4b2125/murmurhash-1.0.12-cp39-cp39-musllinux_1_2_aarch64.whl", hash = "sha256:16de7dee9e082159b7ad4cffd62b0c03bbc385b84dcff448ce27bb14c505d12d", size = 120120 },
    { url = "https://files.pythonhosted.org/packages/48/6d/34284c02a8f45f0278662c092c08ea7da33aeb1af7e919c55f21a5461342/murmurhash-1.0.12-cp39-cp39-musllinux_1_2_x86_64.whl", hash = "sha256:8b5de26a7235d8794403353423cd65720d8496363ab75248120107559b12a8c6", size = 119774 },
    { url = "https://files.pythonhosted.org/packages/e0/04/5e66a4ed25155251263d8b3e9a954934ab97ad91565cf5133dfa1dfb49fc/murmurhash-1.0.12-cp39-cp39-win_amd64.whl", hash = "sha256:d1ad46f78de3ce3f3a8e8c2f87af32bcede893f047c87389c7325bb1f3f46b47", size = 25373 },
]

[[package]]
name = "numpy"
version = "2.0.2"
source = { registry = "https://pypi.org/simple" }
sdist = { url = "https://files.pythonhosted.org/packages/a9/75/10dd1f8116a8b796cb2c737b674e02d02e80454bda953fa7e65d8c12b016/numpy-2.0.2.tar.gz", hash = "sha256:883c987dee1880e2a864ab0dc9892292582510604156762362d9326444636e78", size = 18902015 }
wheels = [
    { url = "https://files.pythonhosted.org/packages/43/c1/41c8f6df3162b0c6ffd4437d729115704bd43363de0090c7f913cfbc2d89/numpy-2.0.2-cp39-cp39-macosx_10_9_x86_64.whl", hash = "sha256:9059e10581ce4093f735ed23f3b9d283b9d517ff46009ddd485f1747eb22653c", size = 21169942 },
    { url = "https://files.pythonhosted.org/packages/39/bc/fd298f308dcd232b56a4031fd6ddf11c43f9917fbc937e53762f7b5a3bb1/numpy-2.0.2-cp39-cp39-macosx_11_0_arm64.whl", hash = "sha256:423e89b23490805d2a5a96fe40ec507407b8ee786d66f7328be214f9679df6dd", size = 13711512 },
    { url = "https://files.pythonhosted.org/packages/96/ff/06d1aa3eeb1c614eda245c1ba4fb88c483bee6520d361641331872ac4b82/numpy-2.0.2-cp39-cp39-macosx_14_0_arm64.whl", hash = "sha256:2b2955fa6f11907cf7a70dab0d0755159bca87755e831e47932367fc8f2f2d0b", size = 5306976 },
    { url = "https://files.pythonhosted.org/packages/2d/98/121996dcfb10a6087a05e54453e28e58694a7db62c5a5a29cee14c6e047b/numpy-2.0.2-cp39-cp39-macosx_14_0_x86_64.whl", hash = "sha256:97032a27bd9d8988b9a97a8c4d2c9f2c15a81f61e2f21404d7e8ef00cb5be729", size = 6906494 },
    { url = "https://files.pythonhosted.org/packages/15/31/9dffc70da6b9bbf7968f6551967fc21156207366272c2a40b4ed6008dc9b/numpy-2.0.2-cp39-cp39-manylinux_2_17_aarch64.manylinux2014_aarch64.whl", hash = "sha256:1e795a8be3ddbac43274f18588329c72939870a16cae810c2b73461c40718ab1", size = 13912596 },
    { url = "https://files.pythonhosted.org/packages/b9/14/78635daab4b07c0930c919d451b8bf8c164774e6a3413aed04a6d95758ce/numpy-2.0.2-cp39-cp39-manylinux_2_17_x86_64.manylinux2014_x86_64.whl", hash = "sha256:f26b258c385842546006213344c50655ff1555a9338e2e5e02a0756dc3e803dd", size = 19526099 },
    { url = "https://files.pythonhosted.org/packages/26/4c/0eeca4614003077f68bfe7aac8b7496f04221865b3a5e7cb230c9d055afd/numpy-2.0.2-cp39-cp39-musllinux_1_1_x86_64.whl", hash = "sha256:5fec9451a7789926bcf7c2b8d187292c9f93ea30284802a0ab3f5be8ab36865d", size = 19932823 },
    { url = "https://files.pythonhosted.org/packages/f1/46/ea25b98b13dccaebddf1a803f8c748680d972e00507cd9bc6dcdb5aa2ac1/numpy-2.0.2-cp39-cp39-musllinux_1_2_aarch64.whl", hash = "sha256:9189427407d88ff25ecf8f12469d4d39d35bee1db5d39fc5c168c6f088a6956d", size = 14404424 },
    { url = "https://files.pythonhosted.org/packages/c8/a6/177dd88d95ecf07e722d21008b1b40e681a929eb9e329684d449c36586b2/numpy-2.0.2-cp39-cp39-win32.whl", hash = "sha256:905d16e0c60200656500c95b6b8dca5d109e23cb24abc701d41c02d74c6b3afa", size = 6476809 },
    { url = "https://files.pythonhosted.org/packages/ea/2b/7fc9f4e7ae5b507c1a3a21f0f15ed03e794c1242ea8a242ac158beb56034/numpy-2.0.2-cp39-cp39-win_amd64.whl", hash = "sha256:a3f4ab0caa7f053f6797fcd4e1e25caee367db3112ef2b6ef82d749530768c73", size = 15911314 },
    { url = "https://files.pythonhosted.org/packages/8f/3b/df5a870ac6a3be3a86856ce195ef42eec7ae50d2a202be1f5a4b3b340e14/numpy-2.0.2-pp39-pypy39_pp73-macosx_10_9_x86_64.whl", hash = "sha256:7f0a0c6f12e07fa94133c8a67404322845220c06a9e80e85999afe727f7438b8", size = 21025288 },
    { url = "https://files.pythonhosted.org/packages/2c/97/51af92f18d6f6f2d9ad8b482a99fb74e142d71372da5d834b3a2747a446e/numpy-2.0.2-pp39-pypy39_pp73-macosx_14_0_x86_64.whl", hash = "sha256:312950fdd060354350ed123c0e25a71327d3711584beaef30cdaa93320c392d4", size = 6762793 },
    { url = "https://files.pythonhosted.org/packages/12/46/de1fbd0c1b5ccaa7f9a005b66761533e2f6a3e560096682683a223631fe9/numpy-2.0.2-pp39-pypy39_pp73-manylinux_2_17_x86_64.manylinux2014_x86_64.whl", hash = "sha256:26df23238872200f63518dd2aa984cfca675d82469535dc7162dc2ee52d9dd5c", size = 19334885 },
    { url = "https://files.pythonhosted.org/packages/cc/dc/d330a6faefd92b446ec0f0dfea4c3207bb1fef3c4771d19cf4543efd2c78/numpy-2.0.2-pp39-pypy39_pp73-win_amd64.whl", hash = "sha256:a46288ec55ebbd58947d31d72be2c63cbf839f0a63b49cb755022310792a3385", size = 15828784 },
]

[[package]]
name = "packaging"
version = "24.2"
source = { registry = "https://pypi.org/simple" }
sdist = { url = "https://files.pythonhosted.org/packages/d0/63/68dbb6eb2de9cb10ee4c9c14a0148804425e13c4fb20d61cce69f53106da/packaging-24.2.tar.gz", hash = "sha256:c228a6dc5e932d346bc5739379109d49e8853dd8223571c7c5b55260edc0b97f", size = 163950 }
wheels = [
    { url = "https://files.pythonhosted.org/packages/88/ef/eb23f262cca3c0c4eb7ab1933c3b1f03d021f2c48f54763065b6f0e321be/packaging-24.2-py3-none-any.whl", hash = "sha256:09abb1bccd265c01f4a3aa3f7a7db064b36514d2cba19a2f694fe6150451a759", size = 65451 },
]

[[package]]
name = "pathlib-abc"
version = "0.1.1"
source = { registry = "https://pypi.org/simple" }
sdist = { url = "https://files.pythonhosted.org/packages/0f/4e/3135887f5e4ff2eec7464697a89e517f5765017775fe8f1678658d510f27/pathlib_abc-0.1.1.tar.gz", hash = "sha256:084e7bdd919b0f7774914a9e64cd86a1b39860f81f781dd724258631f2915abe", size = 34276 }
wheels = [
    { url = "https://files.pythonhosted.org/packages/ef/ba/7baa8fe79d48520ae77e594ff1cc1d30a5eb0fefc3846495bcff8bb215a4/pathlib_abc-0.1.1-py3-none-any.whl", hash = "sha256:5cb2f942fdbb75ce0e00ed3b94de9695b0c5d4b419b5004a702da80f165b3109", size = 23785 },
]

[[package]]
name = "pathy"
version = "0.11.0"
source = { registry = "https://pypi.org/simple" }
dependencies = [
    { name = "pathlib-abc" },
    { name = "smart-open" },
    { name = "typer" },
]
sdist = { url = "https://files.pythonhosted.org/packages/13/33/990b4c1a5192797d0d83875a8d9eb4e602d619286decf043f3b1add6554a/pathy-0.11.0.tar.gz", hash = "sha256:bb3d0e6b0b8bf76ef4f63c7191e96e0af2ed65c8fdb5fa17488f9c879e63706d", size = 43794 }
wheels = [
    { url = "https://files.pythonhosted.org/packages/42/54/c8f12c7cfb9b7a994acd3d92e816130940b3d4510f87ed1c66b3e7976b73/pathy-0.11.0-py3-none-any.whl", hash = "sha256:5027f44744cdcd6b6ffd0b0570133dc1bc4af4b87a4f574ecdd810552b1a9fb0", size = 47348 },
]

[[package]]
name = "preshed"
version = "3.0.9"
source = { registry = "https://pypi.org/simple" }
dependencies = [
    { name = "cymem" },
    { name = "murmurhash" },
]
sdist = { url = "https://files.pythonhosted.org/packages/f2/4e/76dbf784e7d4ed069f91a4c249b1d6ec6856ef0c0b2fd96992895d458b15/preshed-3.0.9.tar.gz", hash = "sha256:721863c5244ffcd2651ad0928951a2c7c77b102f4e11a251ad85d37ee7621660", size = 14478 }
wheels = [
    { url = "https://files.pythonhosted.org/packages/f6/8a/1744a672c0e7138b92a87c8468bfb8737db5503546a788f073ca76e02f6e/preshed-3.0.9-cp39-cp39-macosx_10_9_x86_64.whl", hash = "sha256:3a9ad9f738084e048a7c94c90f40f727217387115b2c9a95c77f0ce943879fcd", size = 133494 },
    { url = "https://files.pythonhosted.org/packages/e3/e2/fa3986b6ddbdf05f1a86094c3dfaccdcf424c8f358ac9a5b643d07d09b44/preshed-3.0.9-cp39-cp39-macosx_11_0_arm64.whl", hash = "sha256:a671dfa30b67baa09391faf90408b69c8a9a7f81cb9d83d16c39a182355fbfce", size = 129080 },
    { url = "https://files.pythonhosted.org/packages/a7/85/1ca49dca7fd58646d16509a48de0f57d3adc8aa6c21f2a92de7c1125be4e/preshed-3.0.9-cp39-cp39-manylinux_2_17_aarch64.manylinux2014_aarch64.whl", hash = "sha256:23906d114fc97c17c5f8433342495d7562e96ecfd871289c2bb2ed9a9df57c3f", size = 150851 },
    { url = "https://files.pythonhosted.org/packages/33/eb/13594be35f34d84fd82ba0300df6d10cc12314c7a1dad1fe19637001696e/preshed-3.0.9-cp39-cp39-manylinux_2_5_x86_64.manylinux1_x86_64.manylinux_2_17_x86_64.manylinux2014_x86_64.whl", hash = "sha256:778cf71f82cedd2719b256f3980d556d6fb56ec552334ba79b49d16e26e854a0", size = 157461 },
    { url = "https://files.pythonhosted.org/packages/14/d6/adcc6ffbb5d400b3e780f2468f89242e1e24b5c04eb6ee5c6e0f3a84f2e4/preshed-3.0.9-cp39-cp39-win_amd64.whl", hash = "sha256:a6e579439b329eb93f32219ff27cb358b55fbb52a4862c31a915a098c8a22ac2", size = 122730 },
]

[[package]]
name = "pydantic"
version = "1.10.21"
source = { registry = "https://pypi.org/simple" }
dependencies = [
    { name = "typing-extensions" },
]
sdist = { url = "https://files.pythonhosted.org/packages/c3/e9/d99a2c4f8f6d7c711f39f6ecf485b7f3bba66189bbbad505d24eb0106922/pydantic-1.10.21.tar.gz", hash = "sha256:64b48e2b609a6c22178a56c408ee1215a7206077ecb8a193e2fda31858b2362a", size = 356653 }
wheels = [
    { url = "https://files.pythonhosted.org/packages/e7/4b/8da97d99574c3247a33148ac66583016d1f9d31fa41f925364a424baabf0/pydantic-1.10.21-cp39-cp39-macosx_10_9_x86_64.whl", hash = "sha256:5d387940f0f1a0adb3c44481aa379122d06df8486cc8f652a7b3b0caf08435f7", size = 2854057 },
    { url = "https://files.pythonhosted.org/packages/4d/93/d36b796acbfea44f2f79da3127728405f9a63accadeb49762c6572aba30d/pydantic-1.10.21-cp39-cp39-macosx_11_0_arm64.whl", hash = "sha256:266ecfc384861d7b0b9c214788ddff75a2ea123aa756bcca6b2a1175edeca0fe", size = 2587199 },
    { url = "https://files.pythonhosted.org/packages/b3/b2/0c8d2b058743cd3603fa395d7dceb97148dfbb88d362de02f39426e5a7b9/pydantic-1.10.21-cp39-cp39-manylinux_2_17_x86_64.manylinux2014_x86_64.whl", hash = "sha256:61da798c05a06a362a2f8c5e3ff0341743e2818d0f530eaac0d6898f1b187f1f", size = 3330889 },
    { url = "https://files.pythonhosted.org/packages/ac/af/deef53303cf1fe375c8e3457ffb5f47a205f87a6f20519f8d512dcd48401/pydantic-1.10.21-cp39-cp39-manylinux_2_5_i686.manylinux1_i686.manylinux_2_17_i686.manylinux2014_i686.whl", hash = "sha256:a621742da75ce272d64ea57bd7651ee2a115fa67c0f11d66d9dcfc18c2f1b106", size = 3362179 },
    { url = "https://files.pythonhosted.org/packages/19/e9/ed438b55f4baab15825bd81d5e75fbdf83cb7720966a7e53904624bf82f9/pydantic-1.10.21-cp39-cp39-musllinux_1_2_i686.whl", hash = "sha256:9e3e4000cd54ef455694b8be9111ea20f66a686fc155feda1ecacf2322b115da", size = 3519788 },
    { url = "https://files.pythonhosted.org/packages/d7/66/2264bd7d99bb7ed84979d5a5727503c4fff06079e957cf59f63a996e5d61/pydantic-1.10.21-cp39-cp39-musllinux_1_2_x86_64.whl", hash = "sha256:f198c8206640f4c0ef5a76b779241efb1380a300d88b1bce9bfe95a6362e674d", size = 3483010 },
    { url = "https://files.pythonhosted.org/packages/7c/6b/74c4cf6e122dbea75fd2f1ce8edc0f086a4062ac3701ef6816476bf1b163/pydantic-1.10.21-cp39-cp39-win_amd64.whl", hash = "sha256:e7f0cda108b36a30c8fc882e4fc5b7eec8ef584aa43aa43694c6a7b274fb2b56", size = 2299485 },
    { url = "https://files.pythonhosted.org/packages/2d/a8/3e34e7127203ac002e1a5eb45108ef523d9196f75468fde5fdbec7544201/pydantic-1.10.21-py3-none-any.whl", hash = "sha256:db70c920cba9d05c69ad4a9e7f8e9e83011abb2c6490e561de9ae24aee44925c", size = 166430 },
]

[[package]]
name = "requests"
version = "2.32.3"
source = { registry = "https://pypi.org/simple" }
dependencies = [
    { name = "certifi" },
    { name = "charset-normalizer" },
    { name = "idna" },
    { name = "urllib3" },
]
sdist = { url = "https://files.pythonhosted.org/packages/63/70/2bf7780ad2d390a8d301ad0b550f1581eadbd9a20f896afe06353c2a2913/requests-2.32.3.tar.gz", hash = "sha256:55365417734eb18255590a9ff9eb97e9e1da868d4ccd6402399eaf68af20a760", size = 131218 }
wheels = [
    { url = "https://files.pythonhosted.org/packages/f9/9b/335f9764261e915ed497fcdeb11df5dfd6f7bf257d4a6a2a686d80da4d54/requests-2.32.3-py3-none-any.whl", hash = "sha256:70761cfe03c773ceb22aa2f671b4757976145175cdfca038c02654d061d6dcc6", size = 64928 },
]

[[package]]
name = "setuptools"
version = "76.1.0"
source = { registry = "https://pypi.org/simple" }
sdist = { url = "https://files.pythonhosted.org/packages/fa/2b/287ade3a580869e6178cb37d045f54272b1f006f2c0ff6fad08db258d027/setuptools-76.1.0.tar.gz", hash = "sha256:4959b9ad482ada2ba2320c8f1a8d8481d4d8d668908a7a1b84d987375cd7f5bd", size = 1350273 }
wheels = [
    { url = "https://files.pythonhosted.org/packages/62/fb/47dc84839f2743553075c80d08543b3d0f498f42329141b6717504abcdfd/setuptools-76.1.0-py3-none-any.whl", hash = "sha256:34750dcb17d046929f545dec9b8349fe42bf4ba13ddffee78428aec422dbfb73", size = 1236933 },
]

[[package]]
name = "smart-open"
version = "6.4.0"
source = { registry = "https://pypi.org/simple" }
sdist = { url = "https://files.pythonhosted.org/packages/ac/69/bf2e8a00fbf9bf9f27734c4f3f2030fb422c4d8b1594bb9fc763561a4ec2/smart_open-6.4.0.tar.gz", hash = "sha256:be3c92c246fbe80ebce8fbacb180494a481a77fcdcb7c1aadb2ea5b9c2bee8b9", size = 65491 }
wheels = [
    { url = "https://files.pythonhosted.org/packages/fc/d9/d97f1db64b09278aba64e8c81b5d322d436132df5741c518f3823824fae0/smart_open-6.4.0-py3-none-any.whl", hash = "sha256:8d3ef7e6997e8e42dd55c74166ed21e6ac70664caa32dd940b26d54a8f6b4142", size = 57048 },
]

[[package]]
name = "spacy"
version = "3.5.4"
source = { registry = "https://pypi.org/simple" }
dependencies = [
    { name = "catalogue" },
    { name = "cymem" },
    { name = "jinja2" },
    { name = "langcodes" },
    { name = "murmurhash" },
    { name = "numpy" },
    { name = "packaging" },
    { name = "pathy" },
    { name = "preshed" },
    { name = "pydantic" },
    { name = "requests" },
    { name = "setuptools" },
    { name = "smart-open" },
    { name = "spacy-legacy" },
    { name = "spacy-loggers" },
    { name = "srsly" },
    { name = "thinc" },
    { name = "tqdm" },
    { name = "typer" },
    { name = "wasabi" },
]
sdist = { url = "https://files.pythonhosted.org/packages/8a/5c/e05f2e37d23d7a99a27edb6ebf41112e1bc39c4f22649423d38f8e223af3/spacy-3.5.4.tar.gz", hash = "sha256:9a9c167e9dcebfefacc75dac34a8e72becbe348eb45bbf06a6c0523ae05ac425", size = 1247190 }
wheels = [
    { url = "https://files.pythonhosted.org/packages/73/12/1a11190b093366053c7541d4457ac8dd58dccc53fbcc21ee5b1ab3a97fb0/spacy-3.5.4-cp39-cp39-macosx_10_9_x86_64.whl", hash = "sha256:abf05e7f64c9136602ec7cec54ff616c79dd89634ded5575587c619da9367db9", size = 6884390 },
    { url = "https://files.pythonhosted.org/packages/c1/2b/c448cb92693d9e00b3c42c6e2ef1624912cebf9819b83937c60ed8543582/spacy-3.5.4-cp39-cp39-macosx_11_0_arm64.whl", hash = "sha256:c270d2b37e6896b7959d493e56ed4d37146d7eec732253c91f07379685c08dd6", size = 6639801 },
    { url = "https://files.pythonhosted.org/packages/a9/4c/e1de9abcf816770181ea7f2840b4701a85f5dd47cc1b66a97af3a7d31688/spacy-3.5.4-cp39-cp39-manylinux_2_17_aarch64.manylinux2014_aarch64.whl", hash = "sha256:af50c9838bf2ffa80397fb20f02127b0b66f1b26dcdcee86185292199c803041", size = 6277824 },
    { url = "https://files.pythonhosted.org/packages/23/48/fa1a03daf3a2e0a8fea47e8cc1a68ac141bf0e760704b42c2048b61f7ace/spacy-3.5.4-cp39-cp39-manylinux_2_17_x86_64.manylinux2014_x86_64.whl", hash = "sha256:ed28a237c57f95a36b891d3b60773b8efb81f6c470f48fea7e4ec71adb8b85a5", size = 6622261 },
    { url = "https://files.pythonhosted.org/packages/0d/02/4042f245bc64c5f9de169f40bfac335915d05763499d1894c91d561c5aca/spacy-3.5.4-cp39-cp39-win_amd64.whl", hash = "sha256:ad83768225e0ab2ee259ff5c1c759adb5c76649fb343ebd3bd777a3ec3742004", size = 12242660 },
]

[[package]]
name = "spacy-cymraeg"
version = "0.1.0"
source = { editable = "." }
dependencies = [
    { name = "spacy" },
]

[package.metadata]
requires-dist = [{ name = "spacy", specifier = "==3.5.*" }]

[[package]]
name = "spacy-legacy"
version = "3.0.12"
source = { registry = "https://pypi.org/simple" }
sdist = { url = "https://files.pythonhosted.org/packages/d9/79/91f9d7cc8db5642acad830dcc4b49ba65a7790152832c4eceb305e46d681/spacy-legacy-3.0.12.tar.gz", hash = "sha256:b37d6e0c9b6e1d7ca1cf5bc7152ab64a4c4671f59c85adaf7a3fcb870357a774", size = 23806 }
wheels = [
    { url = "https://files.pythonhosted.org/packages/c3/55/12e842c70ff8828e34e543a2c7176dac4da006ca6901c9e8b43efab8bc6b/spacy_legacy-3.0.12-py2.py3-none-any.whl", hash = "sha256:476e3bd0d05f8c339ed60f40986c07387c0a71479245d6d0f4298dbd52cda55f", size = 29971 },
]

[[package]]
name = "spacy-loggers"
version = "1.0.5"
source = { registry = "https://pypi.org/simple" }
sdist = { url = "https://files.pythonhosted.org/packages/67/3d/926db774c9c98acf66cb4ed7faf6c377746f3e00b84b700d0868b95d0712/spacy-loggers-1.0.5.tar.gz", hash = "sha256:d60b0bdbf915a60e516cc2e653baeff946f0cfc461b452d11a4d5458c6fe5f24", size = 20811 }
wheels = [
    { url = "https://files.pythonhosted.org/packages/33/78/d1a1a026ef3af911159398c939b1509d5c36fe524c7b644f34a5146c4e16/spacy_loggers-1.0.5-py3-none-any.whl", hash = "sha256:196284c9c446cc0cdb944005384270d775fdeaf4f494d8e269466cfa497ef645", size = 22343 },
]

[[package]]
name = "srsly"
version = "2.5.1"
source = { registry = "https://pypi.org/simple" }
dependencies = [
    { name = "catalogue" },
]
sdist = { url = "https://files.pythonhosted.org/packages/b7/e8/eb51b1349f50bac0222398af0942613fdc9d1453ae67cbe4bf9936a1a54b/srsly-2.5.1.tar.gz", hash = "sha256:ab1b4bf6cf3e29da23dae0493dd1517fb787075206512351421b89b4fc27c77e", size = 466464 }
wheels = [
    { url = "https://files.pythonhosted.org/packages/b0/d5/f8763506a738b547f6334af195c1e747a36c7b9c9f1205134bf570e4672a/srsly-2.5.1-cp39-cp39-macosx_10_9_x86_64.whl", hash = "sha256:7d3b846ece78ec02aee637c1028cbbc6f0756faf8b01af190e9bbc8705321fc0", size = 637254 },
    { url = "https://files.pythonhosted.org/packages/72/1c/834f083c1f9bc09370b293393983a3ae27ea3081eb190e793f5ca84aebe0/srsly-2.5.1-cp39-cp39-macosx_11_0_arm64.whl", hash = "sha256:1529f5beb25a736ba1177f55532a942c786a8b4fe544bf9e9fbbebc5c63f4224", size = 635664 },
    { url = "https://files.pythonhosted.org/packages/43/07/7c3e0c4a6e95fbd15b62bce66ed0b85679573ff8f6f866713a1adfeec8bd/srsly-2.5.1-cp39-cp39-manylinux_2_17_aarch64.manylinux2014_aarch64.whl", hash = "sha256:f3c689a9f8dfa25c56533a3f145693b20ddc56415e25035e526ff7a7251a8c11", size = 1089487 },
    { url = "https://files.pythonhosted.org/packages/d3/a7/c2a1ef8064bf5cf4e5e2746d2d63812dff4c5fee036e7e8e912ebba1bab2/srsly-2.5.1-cp39-cp39-manylinux_2_17_x86_64.manylinux2014_x86_64.whl", hash = "sha256:5982d01c7ddd62dbdb778a8bd176513d4d093cc56ef925fa2b0e13f71ed1809a", size = 1093875 },
    { url = "https://files.pythonhosted.org/packages/ea/c6/5e4ebaea786b7732530a3102a3372a3c1572094f526bfcea35d4d11d6669/srsly-2.5.1-cp39-cp39-musllinux_1_2_aarch64.whl", hash = "sha256:196d3a2cc74758b2284e45f192e0df55d032b70be8481e207affc03216ddb464", size = 1056266 },
    { url = "https://files.pythonhosted.org/packages/48/78/248dd31de5b1bfe8b2a8410e3a242a5628b339abe57c0926ae7ebeee6705/srsly-2.5.1-cp39-cp39-musllinux_1_2_x86_64.whl", hash = "sha256:de756942e08ac3d8e8f5ae4595855932d7e4357f63adac6925b516c168f24711", size = 1065904 },
    { url = "https://files.pythonhosted.org/packages/db/0c/2b51673cc4b3047852ab336f31433ccf2e169354ebb5ed065e495e748302/srsly-2.5.1-cp39-cp39-win_amd64.whl", hash = "sha256:08b4045506cd4b63d2bb0da523156ab3ee67719aac3ca8cb591d6ed7ee55080e", size = 633379 },
]

[[package]]
name = "thinc"
version = "8.1.12"
source = { registry = "https://pypi.org/simple" }
dependencies = [
    { name = "blis" },
    { name = "catalogue" },
    { name = "confection" },
    { name = "cymem" },
    { name = "murmurhash" },
    { name = "numpy" },
    { name = "packaging" },
    { name = "preshed" },
    { name = "pydantic" },
    { name = "setuptools" },
    { name = "srsly" },
    { name = "wasabi" },
]
sdist = { url = "https://files.pythonhosted.org/packages/e5/bf/ef29e2525abfbd4a7515defeb44ec7390841a6497d6477410cc96c5c1b1a/thinc-8.1.12.tar.gz", hash = "sha256:9dd12c5c79b176f077ce9416b49c9752782bd76ff0ea649d66527882e83ea353", size = 190925 }
wheels = [
    { url = "https://files.pythonhosted.org/packages/e0/9f/0b91ac826f5feb8090f32e683c4ecfedc1f5738109cec983ab4140a4d5ba/thinc-8.1.12-cp39-cp39-macosx_10_9_x86_64.whl", hash = "sha256:2edb3ef3a02f966eae8c5c56feb80ad5b6e5c221c94fcd95eb413d09d0d82212", size = 875365 },
    { url = "https://files.pythonhosted.org/packages/42/28/860f11ba32aa33d93b269fe514204ea854b82cbbe3635eb4c81e68b7bbe5/thinc-8.1.12-cp39-cp39-macosx_11_0_arm64.whl", hash = "sha256:e078d3b00e51c597f3f301d3e2925d0842d0725f251ff9a53a1e1b4110d4b9c1", size = 790656 },
    { url = "https://files.pythonhosted.org/packages/a9/c9/66ce37f5e33f8adeea78ad5ad141187a3692908316eb9fdc250f8a2f8377/thinc-8.1.12-cp39-cp39-manylinux_2_17_aarch64.manylinux2014_aarch64.whl", hash = "sha256:7d0ac2f6a0b38ddb913f9b31d8c4b13b98a7f5f62db211e0d8ebefbda5138757", size = 879376 },
    { url = "https://files.pythonhosted.org/packages/61/10/9d68cbe1ade9a0afc8213e0c8449109a856ab116c47a6811825460d229e9/thinc-8.1.12-cp39-cp39-manylinux_2_17_x86_64.manylinux2014_x86_64.whl", hash = "sha256:47cde897cf54bc731a3a7c2e51a6ef01a86687ab7ae90ab0e9fc5d2294fe0fba", size = 935067 },
    { url = "https://files.pythonhosted.org/packages/68/89/532e8b45cd40ba92faf81e1089edfc0181b060dd3027f09681284b774ccd/thinc-8.1.12-cp39-cp39-win_amd64.whl", hash = "sha256:1b846c35a24b5b33e5d240f514f3a9e8bac2b6a10491caa147753dc50740a400", size = 1488325 },
]

[[package]]
name = "tqdm"
version = "4.67.1"
source = { registry = "https://pypi.org/simple" }
dependencies = [
    { name = "colorama", marker = "platform_system == 'Windows'" },
]
sdist = { url = "https://files.pythonhosted.org/packages/a8/4b/29b4ef32e036bb34e4ab51796dd745cdba7ed47ad142a9f4a1eb8e0c744d/tqdm-4.67.1.tar.gz", hash = "sha256:f8aef9c52c08c13a65f30ea34f4e5aac3fd1a34959879d7e59e63027286627f2", size = 169737 }
wheels = [
    { url = "https://files.pythonhosted.org/packages/d0/30/dc54f88dd4a2b5dc8a0279bdd7270e735851848b762aeb1c1184ed1f6b14/tqdm-4.67.1-py3-none-any.whl", hash = "sha256:26445eca388f82e72884e0d580d5464cd801a3ea01e63e5601bdff9ba6a48de2", size = 78540 },
]

[[package]]
name = "typer"
version = "0.9.4"
source = { registry = "https://pypi.org/simple" }
dependencies = [
    { name = "click" },
    { name = "typing-extensions" },
]
sdist = { url = "https://files.pythonhosted.org/packages/e9/7d/b1e0399aa5e27071f0042784681d28417f3e526c61f62c8e3635ee5ad334/typer-0.9.4.tar.gz", hash = "sha256:f714c2d90afae3a7929fcd72a3abb08df305e1ff61719381384211c4070af57f", size = 276061 }
wheels = [
    { url = "https://files.pythonhosted.org/packages/62/39/82c9d3e10979851847361d922a373bdfef4091020da7f893acfaf07c0225/typer-0.9.4-py3-none-any.whl", hash = "sha256:aa6c4a4e2329d868b80ecbaf16f807f2b54e192209d7ac9dd42691d63f7a54eb", size = 45973 },
]

[[package]]
name = "typing-extensions"
version = "4.12.2"
source = { registry = "https://pypi.org/simple" }
sdist = { url = "https://files.pythonhosted.org/packages/df/db/f35a00659bc03fec321ba8bce9420de607a1d37f8342eee1863174c69557/typing_extensions-4.12.2.tar.gz", hash = "sha256:1a7ead55c7e559dd4dee8856e3a88b41225abfe1ce8df57b7c13915fe121ffb8", size = 85321 }
wheels = [
    { url = "https://files.pythonhosted.org/packages/26/9f/ad63fc0248c5379346306f8668cda6e2e2e9c95e01216d2b8ffd9ff037d0/typing_extensions-4.12.2-py3-none-any.whl", hash = "sha256:04e5ca0351e0f3f85c6853954072df659d0d13fac324d0072316b67d7794700d", size = 37438 },
]

[[package]]
name = "urllib3"
version = "2.3.0"
source = { registry = "https://pypi.org/simple" }
sdist = { url = "https://files.pythonhosted.org/packages/aa/63/e53da845320b757bf29ef6a9062f5c669fe997973f966045cb019c3f4b66/urllib3-2.3.0.tar.gz", hash = "sha256:f8c5449b3cf0861679ce7e0503c7b44b5ec981bec0d1d3795a07f1ba96f0204d", size = 307268 }
wheels = [
    { url = "https://files.pythonhosted.org/packages/c8/19/4ec628951a74043532ca2cf5d97b7b14863931476d117c471e8e2b1eb39f/urllib3-2.3.0-py3-none-any.whl", hash = "sha256:1cee9ad369867bfdbbb48b7dd50374c0967a0bb7710050facf0dd6911440e3df", size = 128369 },
]

[[package]]
name = "wasabi"
version = "1.1.3"
source = { registry = "https://pypi.org/simple" }
dependencies = [
    { name = "colorama", marker = "sys_platform == 'win32'" },
]
sdist = { url = "https://files.pythonhosted.org/packages/ac/f9/054e6e2f1071e963b5e746b48d1e3727470b2a490834d18ad92364929db3/wasabi-1.1.3.tar.gz", hash = "sha256:4bb3008f003809db0c3e28b4daf20906ea871a2bb43f9914197d540f4f2e0878", size = 30391 }
wheels = [
    { url = "https://files.pythonhosted.org/packages/06/7c/34330a89da55610daa5f245ddce5aab81244321101614751e7537f125133/wasabi-1.1.3-py3-none-any.whl", hash = "sha256:f76e16e8f7e79f8c4c8be49b4024ac725713ab10cd7f19350ad18a8e3f71728c", size = 27880 },
]
