# generated by rye
# use `rye lock` or `rye sync` to update this lockfile
#
# last locked with the following flags:
#   pre: false
#   features: []
#   all-features: false
#   with-sources: false
#   generate-hashes: false
#   universal: false

-e file:.
arrow==1.3.0
    # via usdrate
attrs==25.3.0
    # via outcome
    # via trio
beautifulsoup4==4.13.3
    # via usdrate
certifi==2025.1.31
    # via requests
    # via selenium
charset-normalizer==3.4.1
    # via requests
colorlog==6.9.0
    # via logflex
dacite==1.9.2
    # via logflex
h11==0.14.0
    # via wsproto
idna==3.10
    # via requests
    # via trio
logflex==0.1.6
    # via usdrate
numpy==2.2.3
    # via pandas
outcome==1.3.0.post0
    # via trio
    # via trio-websocket
pandas==2.2.3
    # via usdrate
pysocks==1.7.1
    # via urllib3
python-dateutil==2.9.0.post0
    # via arrow
    # via pandas
pytz==2025.1
    # via pandas
requests==2.32.3
    # via usdrate
selenium==4.29.0
    # via usdrate
six==1.17.0
    # via python-dateutil
sniffio==1.3.1
    # via trio
sortedcontainers==2.4.0
    # via trio
soupsieve==2.6
    # via beautifulsoup4
toml==0.10.2
    # via logflex
trio==0.29.0
    # via selenium
    # via trio-websocket
trio-websocket==0.12.2
    # via selenium
types-python-dateutil==2.9.0.20241206
    # via arrow
typing-extensions==4.12.2
    # via beautifulsoup4
    # via selenium
tzdata==2025.1
    # via pandas
urllib3==2.3.0
    # via requests
    # via selenium
watchdog==6.0.0
    # via logflex
websocket-client==1.8.0
    # via selenium
wsproto==1.2.0
    # via trio-websocket
