# generated by rye
# use `rye lock` or `rye sync` to update this lockfile
#
# last locked with the following flags:
#   pre: false
#   features: []
#   all-features: false
#   with-sources: false
#   generate-hashes: false
#   universal: false

-e file:.
colorlog==6.8.2
    # via logflex
dacite==1.8.1
    # via logflex
toml==0.10.2
    # via logflex
watchdog==6.0.0
    # via logflex
